
Microsoft Visual Studio Solution File, Format Version 11.00
# Visual Studio 2010
Project("{FAE04EC0-301F-11D3-BF4B-00C04F79EFBC}") = "UnityEngine.UI", "UnityEngine.UI.csproj", "{36e10e64-b0e5-ac11-22f9-2904cf7cd8c5}"
EndProject
Project("{FAE04EC0-301F-11D3-BF4B-00C04F79EFBC}") = "UnityEngine.TestRunner", "UnityEngine.TestRunner.csproj", "{7768b80c-d2c9-62ed-4235-086daf246b86}"
EndProject
Project("{FAE04EC0-301F-11D3-BF4B-00C04F79EFBC}") = "UnityEngine.XR.LegacyInputHelpers", "UnityEngine.XR.LegacyInputHelpers.csproj", "{73cdedb9-493f-3cf4-233a-4c2e85cd72ad}"
EndProject
Project("{FAE04EC0-301F-11D3-BF4B-00C04F79EFBC}") = "com.unity.multiplayer-hlapi.Runtime", "com.unity.multiplayer-hlapi.Runtime.csproj", "{c3daa5f8-febb-9d02-8206-463215f050b3}"
EndProject
Project("{FAE04EC0-301F-11D3-BF4B-00C04F79EFBC}") = "Unity.Timeline", "Unity.Timeline.csproj", "{2d9e0db1-6890-4a7e-348d-652876d59616}"
EndProject
Project("{FAE04EC0-301F-11D3-BF4B-00C04F79EFBC}") = "Assembly-CSharp", "Assembly-CSharp.csproj", "{3cfd87ae-09b5-924f-6f6a-56e5c77349c0}"
EndProject
Project("{FAE04EC0-301F-11D3-BF4B-00C04F79EFBC}") = "UnityEngine.SpatialTracking", "UnityEngine.SpatialTracking.csproj", "{7fba323b-ee2b-c876-a04c-1707529d5a6a}"
EndProject
Project("{FAE04EC0-301F-11D3-BF4B-00C04F79EFBC}") = "Unity.Timeline.Editor", "Unity.Timeline.Editor.csproj", "{1be3b8ec-ee7a-abc6-e363-9225aafa6267}"
EndProject
Project("{FAE04EC0-301F-11D3-BF4B-00C04F79EFBC}") = "UnityEditor.TestRunner", "UnityEditor.TestRunner.csproj", "{7f2e695b-5733-dad8-dd73-a1657a07ed4e}"
EndProject
Project("{FAE04EC0-301F-11D3-BF4B-00C04F79EFBC}") = "UnityEditor.UI", "UnityEditor.UI.csproj", "{cb98373f-1f20-0492-a52f-a61c10eebd61}"
EndProject
Project("{FAE04EC0-301F-11D3-BF4B-00C04F79EFBC}") = "Unity.VisualStudio.Editor", "Unity.VisualStudio.Editor.csproj", "{2c2b142f-ddb4-7fb1-5e2c-3bfbdc5c25a1}"
EndProject
Project("{FAE04EC0-301F-11D3-BF4B-00C04F79EFBC}") = "UnityEditor.XR.LegacyInputHelpers", "UnityEditor.XR.LegacyInputHelpers.csproj", "{825a5768-c4e8-b269-d4b1-ea3c76dfd231}"
EndProject
Project("{FAE04EC0-301F-11D3-BF4B-00C04F79EFBC}") = "com.unity.multiplayer-weaver.Editor", "com.unity.multiplayer-weaver.Editor.csproj", "{f9f90bbc-d531-95f0-b4dd-62df56c32705}"
EndProject
Project("{FAE04EC0-301F-11D3-BF4B-00C04F79EFBC}") = "com.unity.multiplayer-hlapi.Editor", "com.unity.multiplayer-hlapi.Editor.csproj", "{051bc7c3-fa40-cdf8-f76c-57b6aa454c6d}"
EndProject
Project("{FAE04EC0-301F-11D3-BF4B-00C04F79EFBC}") = "Unity.2D.Tilemap.Editor", "Unity.2D.Tilemap.Editor.csproj", "{918a9c8e-4c6b-a9e9-2605-9d4680ee3894}"
EndProject
Project("{FAE04EC0-301F-11D3-BF4B-00C04F79EFBC}") = "Unity.VSCode.Editor", "Unity.VSCode.Editor.csproj", "{8955a417-7f06-3544-c7ea-44e855799379}"
EndProject
Project("{FAE04EC0-301F-11D3-BF4B-00C04F79EFBC}") = "Unity.Rider.Editor", "Unity.Rider.Editor.csproj", "{d50ea3f3-3443-13ef-4988-567670bde4fd}"
EndProject
Project("{FAE04EC0-301F-11D3-BF4B-00C04F79EFBC}") = "Unity.2D.Sprite.Editor", "Unity.2D.Sprite.Editor.csproj", "{873a03ac-dc14-c06b-cbf4-5d1132408b7e}"
EndProject
Project("{FAE04EC0-301F-11D3-BF4B-00C04F79EFBC}") = "Assembly-CSharp-Editor", "Assembly-CSharp-Editor.csproj", "{b05dd7a3-3a5a-ac7b-f02c-90db965186cc}"
EndProject
Project("{FAE04EC0-301F-11D3-BF4B-00C04F79EFBC}") = "UnityEditor.SpatialTracking", "UnityEditor.SpatialTracking.csproj", "{34d96ca0-27a8-4312-6ad5-73952d28609b}"
EndProject
Global
	GlobalSection(SolutionConfigurationPlatforms) = preSolution
		Debug|Any CPU = Debug|Any CPU
	EndGlobalSection
	GlobalSection(ProjectConfigurationPlatforms) = postSolution
		{36e10e64-b0e5-ac11-22f9-2904cf7cd8c5}.Debug|Any CPU.ActiveCfg = Debug|Any CPU
		{36e10e64-b0e5-ac11-22f9-2904cf7cd8c5}.Debug|Any CPU.Build.0 = Debug|Any CPU
		{7768b80c-d2c9-62ed-4235-086daf246b86}.Debug|Any CPU.ActiveCfg = Debug|Any CPU
		{7768b80c-d2c9-62ed-4235-086daf246b86}.Debug|Any CPU.Build.0 = Debug|Any CPU
		{73cdedb9-493f-3cf4-233a-4c2e85cd72ad}.Debug|Any CPU.ActiveCfg = Debug|Any CPU
		{73cdedb9-493f-3cf4-233a-4c2e85cd72ad}.Debug|Any CPU.Build.0 = Debug|Any CPU
		{c3daa5f8-febb-9d02-8206-463215f050b3}.Debug|Any CPU.ActiveCfg = Debug|Any CPU
		{c3daa5f8-febb-9d02-8206-463215f050b3}.Debug|Any CPU.Build.0 = Debug|Any CPU
		{2d9e0db1-6890-4a7e-348d-652876d59616}.Debug|Any CPU.ActiveCfg = Debug|Any CPU
		{2d9e0db1-6890-4a7e-348d-652876d59616}.Debug|Any CPU.Build.0 = Debug|Any CPU
		{3cfd87ae-09b5-924f-6f6a-56e5c77349c0}.Debug|Any CPU.ActiveCfg = Debug|Any CPU
		{3cfd87ae-09b5-924f-6f6a-56e5c77349c0}.Debug|Any CPU.Build.0 = Debug|Any CPU
		{7fba323b-ee2b-c876-a04c-1707529d5a6a}.Debug|Any CPU.ActiveCfg = Debug|Any CPU
		{7fba323b-ee2b-c876-a04c-1707529d5a6a}.Debug|Any CPU.Build.0 = Debug|Any CPU
		{1be3b8ec-ee7a-abc6-e363-9225aafa6267}.Debug|Any CPU.ActiveCfg = Debug|Any CPU
		{1be3b8ec-ee7a-abc6-e363-9225aafa6267}.Debug|Any CPU.Build.0 = Debug|Any CPU
		{7f2e695b-5733-dad8-dd73-a1657a07ed4e}.Debug|Any CPU.ActiveCfg = Debug|Any CPU
		{7f2e695b-5733-dad8-dd73-a1657a07ed4e}.Debug|Any CPU.Build.0 = Debug|Any CPU
		{cb98373f-1f20-0492-a52f-a61c10eebd61}.Debug|Any CPU.ActiveCfg = Debug|Any CPU
		{cb98373f-1f20-0492-a52f-a61c10eebd61}.Debug|Any CPU.Build.0 = Debug|Any CPU
		{2c2b142f-ddb4-7fb1-5e2c-3bfbdc5c25a1}.Debug|Any CPU.ActiveCfg = Debug|Any CPU
		{2c2b142f-ddb4-7fb1-5e2c-3bfbdc5c25a1}.Debug|Any CPU.Build.0 = Debug|Any CPU
		{825a5768-c4e8-b269-d4b1-ea3c76dfd231}.Debug|Any CPU.ActiveCfg = Debug|Any CPU
		{825a5768-c4e8-b269-d4b1-ea3c76dfd231}.Debug|Any CPU.Build.0 = Debug|Any CPU
		{f9f90bbc-d531-95f0-b4dd-62df56c32705}.Debug|Any CPU.ActiveCfg = Debug|Any CPU
		{f9f90bbc-d531-95f0-b4dd-62df56c32705}.Debug|Any CPU.Build.0 = Debug|Any CPU
		{051bc7c3-fa40-cdf8-f76c-57b6aa454c6d}.Debug|Any CPU.ActiveCfg = Debug|Any CPU
		{051bc7c3-fa40-cdf8-f76c-57b6aa454c6d}.Debug|Any CPU.Build.0 = Debug|Any CPU
		{918a9c8e-4c6b-a9e9-2605-9d4680ee3894}.Debug|Any CPU.ActiveCfg = Debug|Any CPU
		{918a9c8e-4c6b-a9e9-2605-9d4680ee3894}.Debug|Any CPU.Build.0 = Debug|Any CPU
		{8955a417-7f06-3544-c7ea-44e855799379}.Debug|Any CPU.ActiveCfg = Debug|Any CPU
		{8955a417-7f06-3544-c7ea-44e855799379}.Debug|Any CPU.Build.0 = Debug|Any CPU
		{d50ea3f3-3443-13ef-4988-567670bde4fd}.Debug|Any CPU.ActiveCfg = Debug|Any CPU
		{d50ea3f3-3443-13ef-4988-567670bde4fd}.Debug|Any CPU.Build.0 = Debug|Any CPU
		{873a03ac-dc14-c06b-cbf4-5d1132408b7e}.Debug|Any CPU.ActiveCfg = Debug|Any CPU
		{873a03ac-dc14-c06b-cbf4-5d1132408b7e}.Debug|Any CPU.Build.0 = Debug|Any CPU
		{b05dd7a3-3a5a-ac7b-f02c-90db965186cc}.Debug|Any CPU.ActiveCfg = Debug|Any CPU
		{b05dd7a3-3a5a-ac7b-f02c-90db965186cc}.Debug|Any CPU.Build.0 = Debug|Any CPU
		{34d96ca0-27a8-4312-6ad5-73952d28609b}.Debug|Any CPU.ActiveCfg = Debug|Any CPU
		{34d96ca0-27a8-4312-6ad5-73952d28609b}.Debug|Any CPU.Build.0 = Debug|Any CPU
	EndGlobalSection
	GlobalSection(SolutionProperties) = preSolution
		HideSolutionNode = FALSE
	EndGlobalSection
EndGlobal
